
Microsoft Visual Studio Solution File, Format Version 12.00
# Visual Studio Version 17
VisualStudioVersion = 17.0.31903.59
MinimumVisualStudioVersion = 10.0.40219.1
Project("{2150E333-8FDC-42A3-9474-1A3956D46DE8}") = "WebApi", "WebApi", "{6EDC7094-E22D-CF10-605B-B42C7FB8B0A8}"
EndProject
Project("{FAE04EC0-301F-11D3-BF4B-00C04F79EFBC}") = "Ecommerce.WebApi", "WebApi\Ecommerce.WebApi.csproj", "{899B542F-E3B3-429C-B188-D5A1ED5C24CA}"
EndProject
Project("{2150E333-8FDC-42A3-9474-1A3956D46DE8}") = "Modules", "Modules", "{CA253913-39DE-BFD0-C9A3-4B7EC6FBDF17}"
EndProject
Project("{2150E333-8FDC-42A3-9474-1A3956D46DE8}") = "Cart", "Cart", "{EB586A60-27AF-8045-D933-6C2DD04C24B0}"
EndProject
Project("{FAE04EC0-301F-11D3-BF4B-00C04F79EFBC}") = "Ecommerce.Cart.Domain", "Modules\Cart\Domain\Ecommerce.Cart.Domain.csproj", "{D5B70E4C-6FE9-429C-AFE9-36C60F746108}"
EndProject
Project("{FAE04EC0-301F-11D3-BF4B-00C04F79EFBC}") = "Ecommerce.Cart.Application", "Modules\Cart\Application\Ecommerce.Cart.Application.csproj", "{1CB9BB00-F0C5-40E0-973D-8339F5E07A15}"
EndProject
Project("{FAE04EC0-301F-11D3-BF4B-00C04F79EFBC}") = "Ecommerce.Cart.Infrastructure", "Modules\Cart\Infrastructure\Ecommerce.Cart.Infrastructure.csproj", "{964C4E3B-5A8F-44A9-90FE-39D8657DCE6F}"
EndProject
Project("{FAE04EC0-301F-11D3-BF4B-00C04F79EFBC}") = "Ecommerce.Cart.Presentation", "Modules\Cart\Presentation\Ecommerce.Cart.Presentation.csproj", "{A0497C7F-62D8-4303-B44A-41D79E6625C8}"
EndProject
Project("{2150E333-8FDC-42A3-9474-1A3956D46DE8}") = "Catalog", "Catalog", "{729B03C7-1C3E-5EDD-EDB4-38F58E22BDF1}"
EndProject
Project("{FAE04EC0-301F-11D3-BF4B-00C04F79EFBC}") = "Ecommerce.Catalog.Domain", "Modules\Catalog\Domain\Ecommerce.Catalog.Domain.csproj", "{A0556430-EC77-4DCC-81CD-166E06048B89}"
EndProject
Project("{FAE04EC0-301F-11D3-BF4B-00C04F79EFBC}") = "Ecommerce.Catalog.Application", "Modules\Catalog\Application\Ecommerce.Catalog.Application.csproj", "{7ECDC8DE-BCCE-41F4-9CFF-7B681F9A2D6A}"
EndProject
Project("{FAE04EC0-301F-11D3-BF4B-00C04F79EFBC}") = "Ecommerce.Catalog.Infrastructure", "Modules\Catalog\Infrastructure\Ecommerce.Catalog.Infrastructure.csproj", "{95BE7C94-93E8-43C2-86A8-B26894DF30AD}"
EndProject
Project("{FAE04EC0-301F-11D3-BF4B-00C04F79EFBC}") = "Ecommerce.Catalog.Presentation", "Modules\Catalog\Presentation\Ecommerce.Catalog.Presentation.csproj", "{5AA6EFB3-C4B3-4096-9C20-4B57F770929F}"
EndProject
Project("{2150E333-8FDC-42A3-9474-1A3956D46DE8}") = "Store", "Store", "{A4F0D134-DBA2-D582-17C0-4A7868E7F5B2}"
EndProject
Project("{FAE04EC0-301F-11D3-BF4B-00C04F79EFBC}") = "Ecommerce.Store.Domain", "Modules\Store\Domain\Ecommerce.Store.Domain.csproj", "{B63AC615-0735-4C2C-AE61-E6D8AC806D03}"
EndProject
Project("{FAE04EC0-301F-11D3-BF4B-00C04F79EFBC}") = "Ecommerce.Store.Application", "Modules\Store\Application\Ecommerce.Store.Application.csproj", "{1026DD24-D3EC-46BC-B8C4-EFCD3B05B064}"
EndProject
Project("{FAE04EC0-301F-11D3-BF4B-00C04F79EFBC}") = "Ecommerce.Store.Infrastructure", "Modules\Store\Infrastructure\Ecommerce.Store.Infrastructure.csproj", "{2389A52B-E25C-4AC5-8507-51C7E67E7015}"
EndProject
Project("{FAE04EC0-301F-11D3-BF4B-00C04F79EFBC}") = "Ecommerce.Store.Presentation", "Modules\Store\Presentation\Ecommerce.Store.Presentation.csproj", "{7571C544-7523-46B9-BF2D-698F611B8DB2}"
EndProject
Project("{2150E333-8FDC-42A3-9474-1A3956D46DE8}") = "Notification", "Notification", "{71BE00F0-B5FC-9745-C01A-A42F4D935C52}"
EndProject
Project("{FAE04EC0-301F-11D3-BF4B-00C04F79EFBC}") = "Ecommerce.Notification.Domain", "Modules\Notification\Domain\Ecommerce.Notification.Domain.csproj", "{44C15861-68C2-4395-A124-9B57E0EAA684}"
EndProject
Project("{FAE04EC0-301F-11D3-BF4B-00C04F79EFBC}") = "Ecommerce.Notification.Application", "Modules\Notification\Application\Ecommerce.Notification.Application.csproj", "{02D326A5-ACC1-44F7-89BD-04B1C66FA963}"
EndProject
Project("{FAE04EC0-301F-11D3-BF4B-00C04F79EFBC}") = "Ecommerce.Notification.Infrastructure", "Modules\Notification\Infrastructure\Ecommerce.Notification.Infrastructure.csproj", "{00F02F8B-6150-4E04-91F3-BAEA3DFB9569}"
EndProject
Project("{FAE04EC0-301F-11D3-BF4B-00C04F79EFBC}") = "Ecommerce.Notification.Presentation", "Modules\Notification\Presentation\Ecommerce.Notification.Presentation.csproj", "{AAE96009-C918-470B-A45A-1CBD88F68938}"
EndProject
Project("{2150E333-8FDC-42A3-9474-1A3956D46DE8}") = "Search", "Search", "{1EE1586C-01D6-E0CF-D098-C10B8D2DA4E0}"
EndProject
Project("{FAE04EC0-301F-11D3-BF4B-00C04F79EFBC}") = "Ecommerce.Search.Domain", "Modules\Search\Domain\Ecommerce.Search.Domain.csproj", "{8DF596EF-9533-40F9-B1FB-D50DB6DCBB42}"
EndProject
Project("{FAE04EC0-301F-11D3-BF4B-00C04F79EFBC}") = "Ecommerce.Search.Application", "Modules\Search\Application\Ecommerce.Search.Application.csproj", "{B466373C-A7B2-485F-9A28-3FA7CB6423C4}"
EndProject
Project("{FAE04EC0-301F-11D3-BF4B-00C04F79EFBC}") = "Ecommerce.Search.Infrastructure", "Modules\Search\Infrastructure\Ecommerce.Search.Infrastructure.csproj", "{8E6789AB-0B6C-404F-A5A6-7B120A099AE7}"
EndProject
Project("{FAE04EC0-301F-11D3-BF4B-00C04F79EFBC}") = "Ecommerce.Search.Presentation", "Modules\Search\Presentation\Ecommerce.Search.Presentation.csproj", "{705B809B-3938-4B56-819B-76F95AA8D572}"
EndProject
Project("{2150E333-8FDC-42A3-9474-1A3956D46DE8}") = "Shared", "Shared", "{4F52FD11-658E-A102-6CD3-7D7C16FFA15B}"
EndProject
Project("{FAE04EC0-301F-11D3-BF4B-00C04F79EFBC}") = "Ecommerce.Shared.Contract", "Shared\Ecommerce.Shared.Contract\Ecommerce.Shared.Contract.csproj", "{71B12C2D-EEB6-4AD5-BA14-7974085C5671}"
EndProject
Project("{2150E333-8FDC-42A3-9474-1A3956D46DE8}") = "src", "src", "{02EA681E-C7D8-13C7-8484-4AC65E1B71E8}"
EndProject
Project("{2150E333-8FDC-42A3-9474-1A3956D46DE8}") = "tests", "tests", "{D8E9241D-94E8-4581-9D60-618B638D54C5}"
EndProject
Project("{2150E333-8FDC-42A3-9474-1A3956D46DE8}") = "Solution Items", "Solution Items", "{42642997-2378-4A39-BCAF-72DCF0523C35}"
EndProject
Project("{FAE04EC0-301F-11D3-BF4B-00C04F79EFBC}") = "Ecommerce.Shared.EventBus", "Shared\Ecommerce.Shared.EventBus\Ecommerce.Shared.EventBus.csproj", "{BA0F94DD-BC04-450E-BB6A-625A79CB1A4D}"
EndProject
Project("{FAE04EC0-301F-11D3-BF4B-00C04F79EFBC}") = "ECommerce.Catalog.Tests", "..\tests\ECommerce.Catalog.Tests\ECommerce.Catalog.Tests.csproj", "{BD817CBC-1B6F-4CC5-A29E-DD6E0006FC4F}"
EndProject
Project("{FAE04EC0-301F-11D3-BF4B-00C04F79EFBC}") = "ECommerce.Cart.Tests", "..\tests\ECommerce.Cart.Tests\ECommerce.Cart.Tests.csproj", "{AAD50CA0-3017-4B8B-9281-A96C83285446}"
EndProject
Project("{FAE04EC0-301F-11D3-BF4B-00C04F79EFBC}") = "ECommerce.Store.Tests", "..\tests\ECommerce.Store.Tests\ECommerce.Store.Tests.csproj", "{CCD5E414-3D0A-46FB-B23D-B69188DA9502}"
EndProject
Project("{FAE04EC0-301F-11D3-BF4B-00C04F79EFBC}") = "ECommerce.Notification.Tests", "..\tests\ECommerce.Notification.Tests\ECommerce.Notification.Tests.csproj", "{E0317E31-7F7E-48EC-9E00-3982224EBC2B}"
EndProject
Project("{FAE04EC0-301F-11D3-BF4B-00C04F79EFBC}") = "ECommerce.Search.Tests", "..\tests\ECommerce.Search.Tests\ECommerce.Search.Tests.csproj", "{EB41ED81-018B-415B-9624-43AD17153F07}"
EndProject
Project("{FAE04EC0-301F-11D3-BF4B-00C04F79EFBC}") = "Ecommerce.Shared.Infrastructure", "Shared\Ecommerce.Shared.Infrastructure\Ecommerce.Shared.Infrastructure.csproj", "{662222B3-382B-4556-B19B-3A482DA0C87A}"
EndProject
Global
	GlobalSection(SolutionConfigurationPlatforms) = preSolution
		Debug|Any CPU = Debug|Any CPU
		Debug|x64 = Debug|x64
		Debug|x86 = Debug|x86
		Release|Any CPU = Release|Any CPU
		Release|x64 = Release|x64
		Release|x86 = Release|x86
	EndGlobalSection
	GlobalSection(ProjectConfigurationPlatforms) = postSolution
		{899B542F-E3B3-429C-B188-D5A1ED5C24CA}.Debug|Any CPU.ActiveCfg = Debug|Any CPU
		{899B542F-E3B3-429C-B188-D5A1ED5C24CA}.Debug|Any CPU.Build.0 = Debug|Any CPU
		{899B542F-E3B3-429C-B188-D5A1ED5C24CA}.Debug|x64.ActiveCfg = Debug|Any CPU
		{899B542F-E3B3-429C-B188-D5A1ED5C24CA}.Debug|x64.Build.0 = Debug|Any CPU
		{899B542F-E3B3-429C-B188-D5A1ED5C24CA}.Debug|x86.ActiveCfg = Debug|Any CPU
		{899B542F-E3B3-429C-B188-D5A1ED5C24CA}.Debug|x86.Build.0 = Debug|Any CPU
		{899B542F-E3B3-429C-B188-D5A1ED5C24CA}.Release|Any CPU.ActiveCfg = Release|Any CPU
		{899B542F-E3B3-429C-B188-D5A1ED5C24CA}.Release|Any CPU.Build.0 = Release|Any CPU
		{899B542F-E3B3-429C-B188-D5A1ED5C24CA}.Release|x64.ActiveCfg = Release|Any CPU
		{899B542F-E3B3-429C-B188-D5A1ED5C24CA}.Release|x64.Build.0 = Release|Any CPU
		{899B542F-E3B3-429C-B188-D5A1ED5C24CA}.Release|x86.ActiveCfg = Release|Any CPU
		{899B542F-E3B3-429C-B188-D5A1ED5C24CA}.Release|x86.Build.0 = Release|Any CPU
		{D5B70E4C-6FE9-429C-AFE9-36C60F746108}.Debug|Any CPU.ActiveCfg = Debug|Any CPU
		{D5B70E4C-6FE9-429C-AFE9-36C60F746108}.Debug|Any CPU.Build.0 = Debug|Any CPU
		{D5B70E4C-6FE9-429C-AFE9-36C60F746108}.Debug|x64.ActiveCfg = Debug|Any CPU
		{D5B70E4C-6FE9-429C-AFE9-36C60F746108}.Debug|x64.Build.0 = Debug|Any CPU
		{D5B70E4C-6FE9-429C-AFE9-36C60F746108}.Debug|x86.ActiveCfg = Debug|Any CPU
		{D5B70E4C-6FE9-429C-AFE9-36C60F746108}.Debug|x86.Build.0 = Debug|Any CPU
		{D5B70E4C-6FE9-429C-AFE9-36C60F746108}.Release|Any CPU.ActiveCfg = Release|Any CPU
		{D5B70E4C-6FE9-429C-AFE9-36C60F746108}.Release|Any CPU.Build.0 = Release|Any CPU
		{D5B70E4C-6FE9-429C-AFE9-36C60F746108}.Release|x64.ActiveCfg = Release|Any CPU
		{D5B70E4C-6FE9-429C-AFE9-36C60F746108}.Release|x64.Build.0 = Release|Any CPU
		{D5B70E4C-6FE9-429C-AFE9-36C60F746108}.Release|x86.ActiveCfg = Release|Any CPU
		{D5B70E4C-6FE9-429C-AFE9-36C60F746108}.Release|x86.Build.0 = Release|Any CPU
		{1CB9BB00-F0C5-40E0-973D-8339F5E07A15}.Debug|Any CPU.ActiveCfg = Debug|Any CPU
		{1CB9BB00-F0C5-40E0-973D-8339F5E07A15}.Debug|Any CPU.Build.0 = Debug|Any CPU
		{1CB9BB00-F0C5-40E0-973D-8339F5E07A15}.Debug|x64.ActiveCfg = Debug|Any CPU
		{1CB9BB00-F0C5-40E0-973D-8339F5E07A15}.Debug|x64.Build.0 = Debug|Any CPU
		{1CB9BB00-F0C5-40E0-973D-8339F5E07A15}.Debug|x86.ActiveCfg = Debug|Any CPU
		{1CB9BB00-F0C5-40E0-973D-8339F5E07A15}.Debug|x86.Build.0 = Debug|Any CPU
		{1CB9BB00-F0C5-40E0-973D-8339F5E07A15}.Release|Any CPU.ActiveCfg = Release|Any CPU
		{1CB9BB00-F0C5-40E0-973D-8339F5E07A15}.Release|Any CPU.Build.0 = Release|Any CPU
		{1CB9BB00-F0C5-40E0-973D-8339F5E07A15}.Release|x64.ActiveCfg = Release|Any CPU
		{1CB9BB00-F0C5-40E0-973D-8339F5E07A15}.Release|x64.Build.0 = Release|Any CPU
		{1CB9BB00-F0C5-40E0-973D-8339F5E07A15}.Release|x86.ActiveCfg = Release|Any CPU
		{1CB9BB00-F0C5-40E0-973D-8339F5E07A15}.Release|x86.Build.0 = Release|Any CPU
		{964C4E3B-5A8F-44A9-90FE-39D8657DCE6F}.Debug|Any CPU.ActiveCfg = Debug|Any CPU
		{964C4E3B-5A8F-44A9-90FE-39D8657DCE6F}.Debug|Any CPU.Build.0 = Debug|Any CPU
		{964C4E3B-5A8F-44A9-90FE-39D8657DCE6F}.Debug|x64.ActiveCfg = Debug|Any CPU
		{964C4E3B-5A8F-44A9-90FE-39D8657DCE6F}.Debug|x64.Build.0 = Debug|Any CPU
		{964C4E3B-5A8F-44A9-90FE-39D8657DCE6F}.Debug|x86.ActiveCfg = Debug|Any CPU
		{964C4E3B-5A8F-44A9-90FE-39D8657DCE6F}.Debug|x86.Build.0 = Debug|Any CPU
		{964C4E3B-5A8F-44A9-90FE-39D8657DCE6F}.Release|Any CPU.ActiveCfg = Release|Any CPU
		{964C4E3B-5A8F-44A9-90FE-39D8657DCE6F}.Release|Any CPU.Build.0 = Release|Any CPU
		{964C4E3B-5A8F-44A9-90FE-39D8657DCE6F}.Release|x64.ActiveCfg = Release|Any CPU
		{964C4E3B-5A8F-44A9-90FE-39D8657DCE6F}.Release|x64.Build.0 = Release|Any CPU
		{964C4E3B-5A8F-44A9-90FE-39D8657DCE6F}.Release|x86.ActiveCfg = Release|Any CPU
		{964C4E3B-5A8F-44A9-90FE-39D8657DCE6F}.Release|x86.Build.0 = Release|Any CPU
		{A0497C7F-62D8-4303-B44A-41D79E6625C8}.Debug|Any CPU.ActiveCfg = Debug|Any CPU
		{A0497C7F-62D8-4303-B44A-41D79E6625C8}.Debug|Any CPU.Build.0 = Debug|Any CPU
		{A0497C7F-62D8-4303-B44A-41D79E6625C8}.Debug|x64.ActiveCfg = Debug|Any CPU
		{A0497C7F-62D8-4303-B44A-41D79E6625C8}.Debug|x64.Build.0 = Debug|Any CPU
		{A0497C7F-62D8-4303-B44A-41D79E6625C8}.Debug|x86.ActiveCfg = Debug|Any CPU
		{A0497C7F-62D8-4303-B44A-41D79E6625C8}.Debug|x86.Build.0 = Debug|Any CPU
		{A0497C7F-62D8-4303-B44A-41D79E6625C8}.Release|Any CPU.ActiveCfg = Release|Any CPU
		{A0497C7F-62D8-4303-B44A-41D79E6625C8}.Release|Any CPU.Build.0 = Release|Any CPU
		{A0497C7F-62D8-4303-B44A-41D79E6625C8}.Release|x64.ActiveCfg = Release|Any CPU
		{A0497C7F-62D8-4303-B44A-41D79E6625C8}.Release|x64.Build.0 = Release|Any CPU
		{A0497C7F-62D8-4303-B44A-41D79E6625C8}.Release|x86.ActiveCfg = Release|Any CPU
		{A0497C7F-62D8-4303-B44A-41D79E6625C8}.Release|x86.Build.0 = Release|Any CPU
		{A0556430-EC77-4DCC-81CD-166E06048B89}.Debug|Any CPU.ActiveCfg = Debug|Any CPU
		{A0556430-EC77-4DCC-81CD-166E06048B89}.Debug|Any CPU.Build.0 = Debug|Any CPU
		{A0556430-EC77-4DCC-81CD-166E06048B89}.Debug|x64.ActiveCfg = Debug|Any CPU
		{A0556430-EC77-4DCC-81CD-166E06048B89}.Debug|x64.Build.0 = Debug|Any CPU
		{A0556430-EC77-4DCC-81CD-166E06048B89}.Debug|x86.ActiveCfg = Debug|Any CPU
		{A0556430-EC77-4DCC-81CD-166E06048B89}.Debug|x86.Build.0 = Debug|Any CPU
		{A0556430-EC77-4DCC-81CD-166E06048B89}.Release|Any CPU.ActiveCfg = Release|Any CPU
		{A0556430-EC77-4DCC-81CD-166E06048B89}.Release|Any CPU.Build.0 = Release|Any CPU
		{A0556430-EC77-4DCC-81CD-166E06048B89}.Release|x64.ActiveCfg = Release|Any CPU
		{A0556430-EC77-4DCC-81CD-166E06048B89}.Release|x64.Build.0 = Release|Any CPU
		{A0556430-EC77-4DCC-81CD-166E06048B89}.Release|x86.ActiveCfg = Release|Any CPU
		{A0556430-EC77-4DCC-81CD-166E06048B89}.Release|x86.Build.0 = Release|Any CPU
		{7ECDC8DE-BCCE-41F4-9CFF-7B681F9A2D6A}.Debug|Any CPU.ActiveCfg = Debug|Any CPU
		{7ECDC8DE-BCCE-41F4-9CFF-7B681F9A2D6A}.Debug|Any CPU.Build.0 = Debug|Any CPU
		{7ECDC8DE-BCCE-41F4-9CFF-7B681F9A2D6A}.Debug|x64.ActiveCfg = Debug|Any CPU
		{7ECDC8DE-BCCE-41F4-9CFF-7B681F9A2D6A}.Debug|x64.Build.0 = Debug|Any CPU
		{7ECDC8DE-BCCE-41F4-9CFF-7B681F9A2D6A}.Debug|x86.ActiveCfg = Debug|Any CPU
		{7ECDC8DE-BCCE-41F4-9CFF-7B681F9A2D6A}.Debug|x86.Build.0 = Debug|Any CPU
		{7ECDC8DE-BCCE-41F4-9CFF-7B681F9A2D6A}.Release|Any CPU.ActiveCfg = Release|Any CPU
		{7ECDC8DE-BCCE-41F4-9CFF-7B681F9A2D6A}.Release|Any CPU.Build.0 = Release|Any CPU
		{7ECDC8DE-BCCE-41F4-9CFF-7B681F9A2D6A}.Release|x64.ActiveCfg = Release|Any CPU
		{7ECDC8DE-BCCE-41F4-9CFF-7B681F9A2D6A}.Release|x64.Build.0 = Release|Any CPU
		{7ECDC8DE-BCCE-41F4-9CFF-7B681F9A2D6A}.Release|x86.ActiveCfg = Release|Any CPU
		{7ECDC8DE-BCCE-41F4-9CFF-7B681F9A2D6A}.Release|x86.Build.0 = Release|Any CPU
		{95BE7C94-93E8-43C2-86A8-B26894DF30AD}.Debug|Any CPU.ActiveCfg = Debug|Any CPU
		{95BE7C94-93E8-43C2-86A8-B26894DF30AD}.Debug|Any CPU.Build.0 = Debug|Any CPU
		{95BE7C94-93E8-43C2-86A8-B26894DF30AD}.Debug|x64.ActiveCfg = Debug|Any CPU
		{95BE7C94-93E8-43C2-86A8-B26894DF30AD}.Debug|x64.Build.0 = Debug|Any CPU
		{95BE7C94-93E8-43C2-86A8-B26894DF30AD}.Debug|x86.ActiveCfg = Debug|Any CPU
		{95BE7C94-93E8-43C2-86A8-B26894DF30AD}.Debug|x86.Build.0 = Debug|Any CPU
		{95BE7C94-93E8-43C2-86A8-B26894DF30AD}.Release|Any CPU.ActiveCfg = Release|Any CPU
		{95BE7C94-93E8-43C2-86A8-B26894DF30AD}.Release|Any CPU.Build.0 = Release|Any CPU
		{95BE7C94-93E8-43C2-86A8-B26894DF30AD}.Release|x64.ActiveCfg = Release|Any CPU
		{95BE7C94-93E8-43C2-86A8-B26894DF30AD}.Release|x64.Build.0 = Release|Any CPU
		{95BE7C94-93E8-43C2-86A8-B26894DF30AD}.Release|x86.ActiveCfg = Release|Any CPU
		{95BE7C94-93E8-43C2-86A8-B26894DF30AD}.Release|x86.Build.0 = Release|Any CPU
		{5AA6EFB3-C4B3-4096-9C20-4B57F770929F}.Debug|Any CPU.ActiveCfg = Debug|Any CPU
		{5AA6EFB3-C4B3-4096-9C20-4B57F770929F}.Debug|Any CPU.Build.0 = Debug|Any CPU
		{5AA6EFB3-C4B3-4096-9C20-4B57F770929F}.Debug|x64.ActiveCfg = Debug|Any CPU
		{5AA6EFB3-C4B3-4096-9C20-4B57F770929F}.Debug|x64.Build.0 = Debug|Any CPU
		{5AA6EFB3-C4B3-4096-9C20-4B57F770929F}.Debug|x86.ActiveCfg = Debug|Any CPU
		{5AA6EFB3-C4B3-4096-9C20-4B57F770929F}.Debug|x86.Build.0 = Debug|Any CPU
		{5AA6EFB3-C4B3-4096-9C20-4B57F770929F}.Release|Any CPU.ActiveCfg = Release|Any CPU
		{5AA6EFB3-C4B3-4096-9C20-4B57F770929F}.Release|Any CPU.Build.0 = Release|Any CPU
		{5AA6EFB3-C4B3-4096-9C20-4B57F770929F}.Release|x64.ActiveCfg = Release|Any CPU
		{5AA6EFB3-C4B3-4096-9C20-4B57F770929F}.Release|x64.Build.0 = Release|Any CPU
		{5AA6EFB3-C4B3-4096-9C20-4B57F770929F}.Release|x86.ActiveCfg = Release|Any CPU
		{5AA6EFB3-C4B3-4096-9C20-4B57F770929F}.Release|x86.Build.0 = Release|Any CPU
		{B63AC615-0735-4C2C-AE61-E6D8AC806D03}.Debug|Any CPU.ActiveCfg = Debug|Any CPU
		{B63AC615-0735-4C2C-AE61-E6D8AC806D03}.Debug|Any CPU.Build.0 = Debug|Any CPU
		{B63AC615-0735-4C2C-AE61-E6D8AC806D03}.Debug|x64.ActiveCfg = Debug|Any CPU
		{B63AC615-0735-4C2C-AE61-E6D8AC806D03}.Debug|x64.Build.0 = Debug|Any CPU
		{B63AC615-0735-4C2C-AE61-E6D8AC806D03}.Debug|x86.ActiveCfg = Debug|Any CPU
		{B63AC615-0735-4C2C-AE61-E6D8AC806D03}.Debug|x86.Build.0 = Debug|Any CPU
		{B63AC615-0735-4C2C-AE61-E6D8AC806D03}.Release|Any CPU.ActiveCfg = Release|Any CPU
		{B63AC615-0735-4C2C-AE61-E6D8AC806D03}.Release|Any CPU.Build.0 = Release|Any CPU
		{B63AC615-0735-4C2C-AE61-E6D8AC806D03}.Release|x64.ActiveCfg = Release|Any CPU
		{B63AC615-0735-4C2C-AE61-E6D8AC806D03}.Release|x64.Build.0 = Release|Any CPU
		{B63AC615-0735-4C2C-AE61-E6D8AC806D03}.Release|x86.ActiveCfg = Release|Any CPU
		{B63AC615-0735-4C2C-AE61-E6D8AC806D03}.Release|x86.Build.0 = Release|Any CPU
		{1026DD24-D3EC-46BC-B8C4-EFCD3B05B064}.Debug|Any CPU.ActiveCfg = Debug|Any CPU
		{1026DD24-D3EC-46BC-B8C4-EFCD3B05B064}.Debug|Any CPU.Build.0 = Debug|Any CPU
		{1026DD24-D3EC-46BC-B8C4-EFCD3B05B064}.Debug|x64.ActiveCfg = Debug|Any CPU
		{1026DD24-D3EC-46BC-B8C4-EFCD3B05B064}.Debug|x64.Build.0 = Debug|Any CPU
		{1026DD24-D3EC-46BC-B8C4-EFCD3B05B064}.Debug|x86.ActiveCfg = Debug|Any CPU
		{1026DD24-D3EC-46BC-B8C4-EFCD3B05B064}.Debug|x86.Build.0 = Debug|Any CPU
		{1026DD24-D3EC-46BC-B8C4-EFCD3B05B064}.Release|Any CPU.ActiveCfg = Release|Any CPU
		{1026DD24-D3EC-46BC-B8C4-EFCD3B05B064}.Release|Any CPU.Build.0 = Release|Any CPU
		{1026DD24-D3EC-46BC-B8C4-EFCD3B05B064}.Release|x64.ActiveCfg = Release|Any CPU
		{1026DD24-D3EC-46BC-B8C4-EFCD3B05B064}.Release|x64.Build.0 = Release|Any CPU
		{1026DD24-D3EC-46BC-B8C4-EFCD3B05B064}.Release|x86.ActiveCfg = Release|Any CPU
		{1026DD24-D3EC-46BC-B8C4-EFCD3B05B064}.Release|x86.Build.0 = Release|Any CPU
		{2389A52B-E25C-4AC5-8507-51C7E67E7015}.Debug|Any CPU.ActiveCfg = Debug|Any CPU
		{2389A52B-E25C-4AC5-8507-51C7E67E7015}.Debug|Any CPU.Build.0 = Debug|Any CPU
		{2389A52B-E25C-4AC5-8507-51C7E67E7015}.Debug|x64.ActiveCfg = Debug|Any CPU
		{2389A52B-E25C-4AC5-8507-51C7E67E7015}.Debug|x64.Build.0 = Debug|Any CPU
		{2389A52B-E25C-4AC5-8507-51C7E67E7015}.Debug|x86.ActiveCfg = Debug|Any CPU
		{2389A52B-E25C-4AC5-8507-51C7E67E7015}.Debug|x86.Build.0 = Debug|Any CPU
		{2389A52B-E25C-4AC5-8507-51C7E67E7015}.Release|Any CPU.ActiveCfg = Release|Any CPU
		{2389A52B-E25C-4AC5-8507-51C7E67E7015}.Release|Any CPU.Build.0 = Release|Any CPU
		{2389A52B-E25C-4AC5-8507-51C7E67E7015}.Release|x64.ActiveCfg = Release|Any CPU
		{2389A52B-E25C-4AC5-8507-51C7E67E7015}.Release|x64.Build.0 = Release|Any CPU
		{2389A52B-E25C-4AC5-8507-51C7E67E7015}.Release|x86.ActiveCfg = Release|Any CPU
		{2389A52B-E25C-4AC5-8507-51C7E67E7015}.Release|x86.Build.0 = Release|Any CPU
		{7571C544-7523-46B9-BF2D-698F611B8DB2}.Debug|Any CPU.ActiveCfg = Debug|Any CPU
		{7571C544-7523-46B9-BF2D-698F611B8DB2}.Debug|Any CPU.Build.0 = Debug|Any CPU
		{7571C544-7523-46B9-BF2D-698F611B8DB2}.Debug|x64.ActiveCfg = Debug|Any CPU
		{7571C544-7523-46B9-BF2D-698F611B8DB2}.Debug|x64.Build.0 = Debug|Any CPU
		{7571C544-7523-46B9-BF2D-698F611B8DB2}.Debug|x86.ActiveCfg = Debug|Any CPU
		{7571C544-7523-46B9-BF2D-698F611B8DB2}.Debug|x86.Build.0 = Debug|Any CPU
		{7571C544-7523-46B9-BF2D-698F611B8DB2}.Release|Any CPU.ActiveCfg = Release|Any CPU
		{7571C544-7523-46B9-BF2D-698F611B8DB2}.Release|Any CPU.Build.0 = Release|Any CPU
		{7571C544-7523-46B9-BF2D-698F611B8DB2}.Release|x64.ActiveCfg = Release|Any CPU
		{7571C544-7523-46B9-BF2D-698F611B8DB2}.Release|x64.Build.0 = Release|Any CPU
		{7571C544-7523-46B9-BF2D-698F611B8DB2}.Release|x86.ActiveCfg = Release|Any CPU
		{7571C544-7523-46B9-BF2D-698F611B8DB2}.Release|x86.Build.0 = Release|Any CPU
		{44C15861-68C2-4395-A124-9B57E0EAA684}.Debug|Any CPU.ActiveCfg = Debug|Any CPU
		{44C15861-68C2-4395-A124-9B57E0EAA684}.Debug|Any CPU.Build.0 = Debug|Any CPU
		{44C15861-68C2-4395-A124-9B57E0EAA684}.Debug|x64.ActiveCfg = Debug|Any CPU
		{44C15861-68C2-4395-A124-9B57E0EAA684}.Debug|x64.Build.0 = Debug|Any CPU
		{44C15861-68C2-4395-A124-9B57E0EAA684}.Debug|x86.ActiveCfg = Debug|Any CPU
		{44C15861-68C2-4395-A124-9B57E0EAA684}.Debug|x86.Build.0 = Debug|Any CPU
		{44C15861-68C2-4395-A124-9B57E0EAA684}.Release|Any CPU.ActiveCfg = Release|Any CPU
		{44C15861-68C2-4395-A124-9B57E0EAA684}.Release|Any CPU.Build.0 = Release|Any CPU
		{44C15861-68C2-4395-A124-9B57E0EAA684}.Release|x64.ActiveCfg = Release|Any CPU
		{44C15861-68C2-4395-A124-9B57E0EAA684}.Release|x64.Build.0 = Release|Any CPU
		{44C15861-68C2-4395-A124-9B57E0EAA684}.Release|x86.ActiveCfg = Release|Any CPU
		{44C15861-68C2-4395-A124-9B57E0EAA684}.Release|x86.Build.0 = Release|Any CPU
		{02D326A5-ACC1-44F7-89BD-04B1C66FA963}.Debug|Any CPU.ActiveCfg = Debug|Any CPU
		{02D326A5-ACC1-44F7-89BD-04B1C66FA963}.Debug|Any CPU.Build.0 = Debug|Any CPU
		{02D326A5-ACC1-44F7-89BD-04B1C66FA963}.Debug|x64.ActiveCfg = Debug|Any CPU
		{02D326A5-ACC1-44F7-89BD-04B1C66FA963}.Debug|x64.Build.0 = Debug|Any CPU
		{02D326A5-ACC1-44F7-89BD-04B1C66FA963}.Debug|x86.ActiveCfg = Debug|Any CPU
		{02D326A5-ACC1-44F7-89BD-04B1C66FA963}.Debug|x86.Build.0 = Debug|Any CPU
		{02D326A5-ACC1-44F7-89BD-04B1C66FA963}.Release|Any CPU.ActiveCfg = Release|Any CPU
		{02D326A5-ACC1-44F7-89BD-04B1C66FA963}.Release|Any CPU.Build.0 = Release|Any CPU
		{02D326A5-ACC1-44F7-89BD-04B1C66FA963}.Release|x64.ActiveCfg = Release|Any CPU
		{02D326A5-ACC1-44F7-89BD-04B1C66FA963}.Release|x64.Build.0 = Release|Any CPU
		{02D326A5-ACC1-44F7-89BD-04B1C66FA963}.Release|x86.ActiveCfg = Release|Any CPU
		{02D326A5-ACC1-44F7-89BD-04B1C66FA963}.Release|x86.Build.0 = Release|Any CPU
		{00F02F8B-6150-4E04-91F3-BAEA3DFB9569}.Debug|Any CPU.ActiveCfg = Debug|Any CPU
		{00F02F8B-6150-4E04-91F3-BAEA3DFB9569}.Debug|Any CPU.Build.0 = Debug|Any CPU
		{00F02F8B-6150-4E04-91F3-BAEA3DFB9569}.Debug|x64.ActiveCfg = Debug|Any CPU
		{00F02F8B-6150-4E04-91F3-BAEA3DFB9569}.Debug|x64.Build.0 = Debug|Any CPU
		{00F02F8B-6150-4E04-91F3-BAEA3DFB9569}.Debug|x86.ActiveCfg = Debug|Any CPU
		{00F02F8B-6150-4E04-91F3-BAEA3DFB9569}.Debug|x86.Build.0 = Debug|Any CPU
		{00F02F8B-6150-4E04-91F3-BAEA3DFB9569}.Release|Any CPU.ActiveCfg = Release|Any CPU
		{00F02F8B-6150-4E04-91F3-BAEA3DFB9569}.Release|Any CPU.Build.0 = Release|Any CPU
		{00F02F8B-6150-4E04-91F3-BAEA3DFB9569}.Release|x64.ActiveCfg = Release|Any CPU
		{00F02F8B-6150-4E04-91F3-BAEA3DFB9569}.Release|x64.Build.0 = Release|Any CPU
		{00F02F8B-6150-4E04-91F3-BAEA3DFB9569}.Release|x86.ActiveCfg = Release|Any CPU
		{00F02F8B-6150-4E04-91F3-BAEA3DFB9569}.Release|x86.Build.0 = Release|Any CPU
		{AAE96009-C918-470B-A45A-1CBD88F68938}.Debug|Any CPU.ActiveCfg = Debug|Any CPU
		{AAE96009-C918-470B-A45A-1CBD88F68938}.Debug|Any CPU.Build.0 = Debug|Any CPU
		{AAE96009-C918-470B-A45A-1CBD88F68938}.Debug|x64.ActiveCfg = Debug|Any CPU
		{AAE96009-C918-470B-A45A-1CBD88F68938}.Debug|x64.Build.0 = Debug|Any CPU
		{AAE96009-C918-470B-A45A-1CBD88F68938}.Debug|x86.ActiveCfg = Debug|Any CPU
		{AAE96009-C918-470B-A45A-1CBD88F68938}.Debug|x86.Build.0 = Debug|Any CPU
		{AAE96009-C918-470B-A45A-1CBD88F68938}.Release|Any CPU.ActiveCfg = Release|Any CPU
		{AAE96009-C918-470B-A45A-1CBD88F68938}.Release|Any CPU.Build.0 = Release|Any CPU
		{AAE96009-C918-470B-A45A-1CBD88F68938}.Release|x64.ActiveCfg = Release|Any CPU
		{AAE96009-C918-470B-A45A-1CBD88F68938}.Release|x64.Build.0 = Release|Any CPU
		{AAE96009-C918-470B-A45A-1CBD88F68938}.Release|x86.ActiveCfg = Release|Any CPU
		{AAE96009-C918-470B-A45A-1CBD88F68938}.Release|x86.Build.0 = Release|Any CPU
		{8DF596EF-9533-40F9-B1FB-D50DB6DCBB42}.Debug|Any CPU.ActiveCfg = Debug|Any CPU
		{8DF596EF-9533-40F9-B1FB-D50DB6DCBB42}.Debug|Any CPU.Build.0 = Debug|Any CPU
		{8DF596EF-9533-40F9-B1FB-D50DB6DCBB42}.Debug|x64.ActiveCfg = Debug|Any CPU
		{8DF596EF-9533-40F9-B1FB-D50DB6DCBB42}.Debug|x64.Build.0 = Debug|Any CPU
		{8DF596EF-9533-40F9-B1FB-D50DB6DCBB42}.Debug|x86.ActiveCfg = Debug|Any CPU
		{8DF596EF-9533-40F9-B1FB-D50DB6DCBB42}.Debug|x86.Build.0 = Debug|Any CPU
		{8DF596EF-9533-40F9-B1FB-D50DB6DCBB42}.Release|Any CPU.ActiveCfg = Release|Any CPU
		{8DF596EF-9533-40F9-B1FB-D50DB6DCBB42}.Release|Any CPU.Build.0 = Release|Any CPU
		{8DF596EF-9533-40F9-B1FB-D50DB6DCBB42}.Release|x64.ActiveCfg = Release|Any CPU
		{8DF596EF-9533-40F9-B1FB-D50DB6DCBB42}.Release|x64.Build.0 = Release|Any CPU
		{8DF596EF-9533-40F9-B1FB-D50DB6DCBB42}.Release|x86.ActiveCfg = Release|Any CPU
		{8DF596EF-9533-40F9-B1FB-D50DB6DCBB42}.Release|x86.Build.0 = Release|Any CPU
		{B466373C-A7B2-485F-9A28-3FA7CB6423C4}.Debug|Any CPU.ActiveCfg = Debug|Any CPU
		{B466373C-A7B2-485F-9A28-3FA7CB6423C4}.Debug|Any CPU.Build.0 = Debug|Any CPU
		{B466373C-A7B2-485F-9A28-3FA7CB6423C4}.Debug|x64.ActiveCfg = Debug|Any CPU
		{B466373C-A7B2-485F-9A28-3FA7CB6423C4}.Debug|x64.Build.0 = Debug|Any CPU
		{B466373C-A7B2-485F-9A28-3FA7CB6423C4}.Debug|x86.ActiveCfg = Debug|Any CPU
		{B466373C-A7B2-485F-9A28-3FA7CB6423C4}.Debug|x86.Build.0 = Debug|Any CPU
		{B466373C-A7B2-485F-9A28-3FA7CB6423C4}.Release|Any CPU.ActiveCfg = Release|Any CPU
		{B466373C-A7B2-485F-9A28-3FA7CB6423C4}.Release|Any CPU.Build.0 = Release|Any CPU
		{B466373C-A7B2-485F-9A28-3FA7CB6423C4}.Release|x64.ActiveCfg = Release|Any CPU
		{B466373C-A7B2-485F-9A28-3FA7CB6423C4}.Release|x64.Build.0 = Release|Any CPU
		{B466373C-A7B2-485F-9A28-3FA7CB6423C4}.Release|x86.ActiveCfg = Release|Any CPU
		{B466373C-A7B2-485F-9A28-3FA7CB6423C4}.Release|x86.Build.0 = Release|Any CPU
		{8E6789AB-0B6C-404F-A5A6-7B120A099AE7}.Debug|Any CPU.ActiveCfg = Debug|Any CPU
		{8E6789AB-0B6C-404F-A5A6-7B120A099AE7}.Debug|Any CPU.Build.0 = Debug|Any CPU
		{8E6789AB-0B6C-404F-A5A6-7B120A099AE7}.Debug|x64.ActiveCfg = Debug|Any CPU
		{8E6789AB-0B6C-404F-A5A6-7B120A099AE7}.Debug|x64.Build.0 = Debug|Any CPU
		{8E6789AB-0B6C-404F-A5A6-7B120A099AE7}.Debug|x86.ActiveCfg = Debug|Any CPU
		{8E6789AB-0B6C-404F-A5A6-7B120A099AE7}.Debug|x86.Build.0 = Debug|Any CPU
		{8E6789AB-0B6C-404F-A5A6-7B120A099AE7}.Release|Any CPU.ActiveCfg = Release|Any CPU
		{8E6789AB-0B6C-404F-A5A6-7B120A099AE7}.Release|Any CPU.Build.0 = Release|Any CPU
		{8E6789AB-0B6C-404F-A5A6-7B120A099AE7}.Release|x64.ActiveCfg = Release|Any CPU
		{8E6789AB-0B6C-404F-A5A6-7B120A099AE7}.Release|x64.Build.0 = Release|Any CPU
		{8E6789AB-0B6C-404F-A5A6-7B120A099AE7}.Release|x86.ActiveCfg = Release|Any CPU
		{8E6789AB-0B6C-404F-A5A6-7B120A099AE7}.Release|x86.Build.0 = Release|Any CPU
		{705B809B-3938-4B56-819B-76F95AA8D572}.Debug|Any CPU.ActiveCfg = Debug|Any CPU
		{705B809B-3938-4B56-819B-76F95AA8D572}.Debug|Any CPU.Build.0 = Debug|Any CPU
		{705B809B-3938-4B56-819B-76F95AA8D572}.Debug|x64.ActiveCfg = Debug|Any CPU
		{705B809B-3938-4B56-819B-76F95AA8D572}.Debug|x64.Build.0 = Debug|Any CPU
		{705B809B-3938-4B56-819B-76F95AA8D572}.Debug|x86.ActiveCfg = Debug|Any CPU
		{705B809B-3938-4B56-819B-76F95AA8D572}.Debug|x86.Build.0 = Debug|Any CPU
		{705B809B-3938-4B56-819B-76F95AA8D572}.Release|Any CPU.ActiveCfg = Release|Any CPU
		{705B809B-3938-4B56-819B-76F95AA8D572}.Release|Any CPU.Build.0 = Release|Any CPU
		{705B809B-3938-4B56-819B-76F95AA8D572}.Release|x64.ActiveCfg = Release|Any CPU
		{705B809B-3938-4B56-819B-76F95AA8D572}.Release|x64.Build.0 = Release|Any CPU
		{705B809B-3938-4B56-819B-76F95AA8D572}.Release|x86.ActiveCfg = Release|Any CPU
		{705B809B-3938-4B56-819B-76F95AA8D572}.Release|x86.Build.0 = Release|Any CPU
		{71B12C2D-EEB6-4AD5-BA14-7974085C5671}.Debug|Any CPU.ActiveCfg = Debug|Any CPU
		{71B12C2D-EEB6-4AD5-BA14-7974085C5671}.Debug|Any CPU.Build.0 = Debug|Any CPU
		{71B12C2D-EEB6-4AD5-BA14-7974085C5671}.Debug|x64.ActiveCfg = Debug|Any CPU
		{71B12C2D-EEB6-4AD5-BA14-7974085C5671}.Debug|x64.Build.0 = Debug|Any CPU
		{71B12C2D-EEB6-4AD5-BA14-7974085C5671}.Debug|x86.ActiveCfg = Debug|Any CPU
		{71B12C2D-EEB6-4AD5-BA14-7974085C5671}.Debug|x86.Build.0 = Debug|Any CPU
		{71B12C2D-EEB6-4AD5-BA14-7974085C5671}.Release|Any CPU.ActiveCfg = Release|Any CPU
		{71B12C2D-EEB6-4AD5-BA14-7974085C5671}.Release|Any CPU.Build.0 = Release|Any CPU
		{71B12C2D-EEB6-4AD5-BA14-7974085C5671}.Release|x64.ActiveCfg = Release|Any CPU
		{71B12C2D-EEB6-4AD5-BA14-7974085C5671}.Release|x64.Build.0 = Release|Any CPU
		{71B12C2D-EEB6-4AD5-BA14-7974085C5671}.Release|x86.ActiveCfg = Release|Any CPU
		{71B12C2D-EEB6-4AD5-BA14-7974085C5671}.Release|x86.Build.0 = Release|Any CPU
		{BA0F94DD-BC04-450E-BB6A-625A79CB1A4D}.Debug|Any CPU.ActiveCfg = Debug|Any CPU
		{BA0F94DD-BC04-450E-BB6A-625A79CB1A4D}.Debug|Any CPU.Build.0 = Debug|Any CPU
		{BA0F94DD-BC04-450E-BB6A-625A79CB1A4D}.Debug|x64.ActiveCfg = Debug|Any CPU
		{BA0F94DD-BC04-450E-BB6A-625A79CB1A4D}.Debug|x64.Build.0 = Debug|Any CPU
		{BA0F94DD-BC04-450E-BB6A-625A79CB1A4D}.Debug|x86.ActiveCfg = Debug|Any CPU
		{BA0F94DD-BC04-450E-BB6A-625A79CB1A4D}.Debug|x86.Build.0 = Debug|Any CPU
		{BA0F94DD-BC04-450E-BB6A-625A79CB1A4D}.Release|Any CPU.ActiveCfg = Release|Any CPU
		{BA0F94DD-BC04-450E-BB6A-625A79CB1A4D}.Release|Any CPU.Build.0 = Release|Any CPU
		{BA0F94DD-BC04-450E-BB6A-625A79CB1A4D}.Release|x64.ActiveCfg = Release|Any CPU
		{BA0F94DD-BC04-450E-BB6A-625A79CB1A4D}.Release|x64.Build.0 = Release|Any CPU
		{BA0F94DD-BC04-450E-BB6A-625A79CB1A4D}.Release|x86.ActiveCfg = Release|Any CPU
		{BA0F94DD-BC04-450E-BB6A-625A79CB1A4D}.Release|x86.Build.0 = Release|Any CPU
		{BD817CBC-1B6F-4CC5-A29E-DD6E0006FC4F}.Debug|Any CPU.ActiveCfg = Debug|Any CPU
		{BD817CBC-1B6F-4CC5-A29E-DD6E0006FC4F}.Debug|Any CPU.Build.0 = Debug|Any CPU
		{BD817CBC-1B6F-4CC5-A29E-DD6E0006FC4F}.Debug|x64.ActiveCfg = Debug|Any CPU
		{BD817CBC-1B6F-4CC5-A29E-DD6E0006FC4F}.Debug|x64.Build.0 = Debug|Any CPU
		{BD817CBC-1B6F-4CC5-A29E-DD6E0006FC4F}.Debug|x86.ActiveCfg = Debug|Any CPU
		{BD817CBC-1B6F-4CC5-A29E-DD6E0006FC4F}.Debug|x86.Build.0 = Debug|Any CPU
		{BD817CBC-1B6F-4CC5-A29E-DD6E0006FC4F}.Release|Any CPU.ActiveCfg = Release|Any CPU
		{BD817CBC-1B6F-4CC5-A29E-DD6E0006FC4F}.Release|Any CPU.Build.0 = Release|Any CPU
		{BD817CBC-1B6F-4CC5-A29E-DD6E0006FC4F}.Release|x64.ActiveCfg = Release|Any CPU
		{BD817CBC-1B6F-4CC5-A29E-DD6E0006FC4F}.Release|x64.Build.0 = Release|Any CPU
		{BD817CBC-1B6F-4CC5-A29E-DD6E0006FC4F}.Release|x86.ActiveCfg = Release|Any CPU
		{BD817CBC-1B6F-4CC5-A29E-DD6E0006FC4F}.Release|x86.Build.0 = Release|Any CPU
		{AAD50CA0-3017-4B8B-9281-A96C83285446}.Debug|Any CPU.ActiveCfg = Debug|Any CPU
		{AAD50CA0-3017-4B8B-9281-A96C83285446}.Debug|Any CPU.Build.0 = Debug|Any CPU
		{AAD50CA0-3017-4B8B-9281-A96C83285446}.Debug|x64.ActiveCfg = Debug|Any CPU
		{AAD50CA0-3017-4B8B-9281-A96C83285446}.Debug|x64.Build.0 = Debug|Any CPU
		{AAD50CA0-3017-4B8B-9281-A96C83285446}.Debug|x86.ActiveCfg = Debug|Any CPU
		{AAD50CA0-3017-4B8B-9281-A96C83285446}.Debug|x86.Build.0 = Debug|Any CPU
		{AAD50CA0-3017-4B8B-9281-A96C83285446}.Release|Any CPU.ActiveCfg = Release|Any CPU
		{AAD50CA0-3017-4B8B-9281-A96C83285446}.Release|Any CPU.Build.0 = Release|Any CPU
		{AAD50CA0-3017-4B8B-9281-A96C83285446}.Release|x64.ActiveCfg = Release|Any CPU
		{AAD50CA0-3017-4B8B-9281-A96C83285446}.Release|x64.Build.0 = Release|Any CPU
		{AAD50CA0-3017-4B8B-9281-A96C83285446}.Release|x86.ActiveCfg = Release|Any CPU
		{AAD50CA0-3017-4B8B-9281-A96C83285446}.Release|x86.Build.0 = Release|Any CPU
		{CCD5E414-3D0A-46FB-B23D-B69188DA9502}.Debug|Any CPU.ActiveCfg = Debug|Any CPU
		{CCD5E414-3D0A-46FB-B23D-B69188DA9502}.Debug|Any CPU.Build.0 = Debug|Any CPU
		{CCD5E414-3D0A-46FB-B23D-B69188DA9502}.Debug|x64.ActiveCfg = Debug|Any CPU
		{CCD5E414-3D0A-46FB-B23D-B69188DA9502}.Debug|x64.Build.0 = Debug|Any CPU
		{CCD5E414-3D0A-46FB-B23D-B69188DA9502}.Debug|x86.ActiveCfg = Debug|Any CPU
		{CCD5E414-3D0A-46FB-B23D-B69188DA9502}.Debug|x86.Build.0 = Debug|Any CPU
		{CCD5E414-3D0A-46FB-B23D-B69188DA9502}.Release|Any CPU.ActiveCfg = Release|Any CPU
		{CCD5E414-3D0A-46FB-B23D-B69188DA9502}.Release|Any CPU.Build.0 = Release|Any CPU
		{CCD5E414-3D0A-46FB-B23D-B69188DA9502}.Release|x64.ActiveCfg = Release|Any CPU
		{CCD5E414-3D0A-46FB-B23D-B69188DA9502}.Release|x64.Build.0 = Release|Any CPU
		{CCD5E414-3D0A-46FB-B23D-B69188DA9502}.Release|x86.ActiveCfg = Release|Any CPU
		{CCD5E414-3D0A-46FB-B23D-B69188DA9502}.Release|x86.Build.0 = Release|Any CPU
		{E0317E31-7F7E-48EC-9E00-3982224EBC2B}.Debug|Any CPU.ActiveCfg = Debug|Any CPU
		{E0317E31-7F7E-48EC-9E00-3982224EBC2B}.Debug|Any CPU.Build.0 = Debug|Any CPU
		{E0317E31-7F7E-48EC-9E00-3982224EBC2B}.Debug|x64.ActiveCfg = Debug|Any CPU
		{E0317E31-7F7E-48EC-9E00-3982224EBC2B}.Debug|x64.Build.0 = Debug|Any CPU
		{E0317E31-7F7E-48EC-9E00-3982224EBC2B}.Debug|x86.ActiveCfg = Debug|Any CPU
		{E0317E31-7F7E-48EC-9E00-3982224EBC2B}.Debug|x86.Build.0 = Debug|Any CPU
		{E0317E31-7F7E-48EC-9E00-3982224EBC2B}.Release|Any CPU.ActiveCfg = Release|Any CPU
		{E0317E31-7F7E-48EC-9E00-3982224EBC2B}.Release|Any CPU.Build.0 = Release|Any CPU
		{E0317E31-7F7E-48EC-9E00-3982224EBC2B}.Release|x64.ActiveCfg = Release|Any CPU
		{E0317E31-7F7E-48EC-9E00-3982224EBC2B}.Release|x64.Build.0 = Release|Any CPU
		{E0317E31-7F7E-48EC-9E00-3982224EBC2B}.Release|x86.ActiveCfg = Release|Any CPU
		{E0317E31-7F7E-48EC-9E00-3982224EBC2B}.Release|x86.Build.0 = Release|Any CPU
		{EB41ED81-018B-415B-9624-43AD17153F07}.Debug|Any CPU.ActiveCfg = Debug|Any CPU
		{EB41ED81-018B-415B-9624-43AD17153F07}.Debug|Any CPU.Build.0 = Debug|Any CPU
		{EB41ED81-018B-415B-9624-43AD17153F07}.Debug|x64.ActiveCfg = Debug|Any CPU
		{EB41ED81-018B-415B-9624-43AD17153F07}.Debug|x64.Build.0 = Debug|Any CPU
		{EB41ED81-018B-415B-9624-43AD17153F07}.Debug|x86.ActiveCfg = Debug|Any CPU
		{EB41ED81-018B-415B-9624-43AD17153F07}.Debug|x86.Build.0 = Debug|Any CPU
		{EB41ED81-018B-415B-9624-43AD17153F07}.Release|Any CPU.ActiveCfg = Release|Any CPU
		{EB41ED81-018B-415B-9624-43AD17153F07}.Release|Any CPU.Build.0 = Release|Any CPU
		{EB41ED81-018B-415B-9624-43AD17153F07}.Release|x64.ActiveCfg = Release|Any CPU
		{EB41ED81-018B-415B-9624-43AD17153F07}.Release|x64.Build.0 = Release|Any CPU
		{EB41ED81-018B-415B-9624-43AD17153F07}.Release|x86.ActiveCfg = Release|Any CPU
		{EB41ED81-018B-415B-9624-43AD17153F07}.Release|x86.Build.0 = Release|Any CPU
		{662222B3-382B-4556-B19B-3A482DA0C87A}.Debug|Any CPU.ActiveCfg = Debug|Any CPU
		{662222B3-382B-4556-B19B-3A482DA0C87A}.Debug|Any CPU.Build.0 = Debug|Any CPU
		{662222B3-382B-4556-B19B-3A482DA0C87A}.Debug|x64.ActiveCfg = Debug|Any CPU
		{662222B3-382B-4556-B19B-3A482DA0C87A}.Debug|x64.Build.0 = Debug|Any CPU
		{662222B3-382B-4556-B19B-3A482DA0C87A}.Debug|x86.ActiveCfg = Debug|Any CPU
		{662222B3-382B-4556-B19B-3A482DA0C87A}.Debug|x86.Build.0 = Debug|Any CPU
		{662222B3-382B-4556-B19B-3A482DA0C87A}.Release|Any CPU.ActiveCfg = Release|Any CPU
		{662222B3-382B-4556-B19B-3A482DA0C87A}.Release|Any CPU.Build.0 = Release|Any CPU
		{662222B3-382B-4556-B19B-3A482DA0C87A}.Release|x64.ActiveCfg = Release|Any CPU
		{662222B3-382B-4556-B19B-3A482DA0C87A}.Release|x64.Build.0 = Release|Any CPU
		{662222B3-382B-4556-B19B-3A482DA0C87A}.Release|x86.ActiveCfg = Release|Any CPU
		{662222B3-382B-4556-B19B-3A482DA0C87A}.Release|x86.Build.0 = Release|Any CPU
	EndGlobalSection
	GlobalSection(SolutionProperties) = preSolution
		HideSolutionNode = FALSE
	EndGlobalSection
	GlobalSection(NestedProjects) = preSolution
		{6EDC7094-E22D-CF10-605B-B42C7FB8B0A8} = {02EA681E-C7D8-13C7-8484-4AC65E1B71E8}
		{899B542F-E3B3-429C-B188-D5A1ED5C24CA} = {6EDC7094-E22D-CF10-605B-B42C7FB8B0A8}
		{CA253913-39DE-BFD0-C9A3-4B7EC6FBDF17} = {02EA681E-C7D8-13C7-8484-4AC65E1B71E8}
		{EB586A60-27AF-8045-D933-6C2DD04C24B0} = {CA253913-39DE-BFD0-C9A3-4B7EC6FBDF17}
		{D5B70E4C-6FE9-429C-AFE9-36C60F746108} = {EB586A60-27AF-8045-D933-6C2DD04C24B0}
		{1CB9BB00-F0C5-40E0-973D-8339F5E07A15} = {EB586A60-27AF-8045-D933-6C2DD04C24B0}
		{964C4E3B-5A8F-44A9-90FE-39D8657DCE6F} = {EB586A60-27AF-8045-D933-6C2DD04C24B0}
		{A0497C7F-62D8-4303-B44A-41D79E6625C8} = {EB586A60-27AF-8045-D933-6C2DD04C24B0}
		{729B03C7-1C3E-5EDD-EDB4-38F58E22BDF1} = {CA253913-39DE-BFD0-C9A3-4B7EC6FBDF17}
		{A0556430-EC77-4DCC-81CD-166E06048B89} = {729B03C7-1C3E-5EDD-EDB4-38F58E22BDF1}
		{7ECDC8DE-BCCE-41F4-9CFF-7B681F9A2D6A} = {729B03C7-1C3E-5EDD-EDB4-38F58E22BDF1}
		{95BE7C94-93E8-43C2-86A8-B26894DF30AD} = {729B03C7-1C3E-5EDD-EDB4-38F58E22BDF1}
		{5AA6EFB3-C4B3-4096-9C20-4B57F770929F} = {729B03C7-1C3E-5EDD-EDB4-38F58E22BDF1}
		{A4F0D134-DBA2-D582-17C0-4A7868E7F5B2} = {CA253913-39DE-BFD0-C9A3-4B7EC6FBDF17}
		{B63AC615-0735-4C2C-AE61-E6D8AC806D03} = {A4F0D134-DBA2-D582-17C0-4A7868E7F5B2}
		{1026DD24-D3EC-46BC-B8C4-EFCD3B05B064} = {A4F0D134-DBA2-D582-17C0-4A7868E7F5B2}
		{2389A52B-E25C-4AC5-8507-51C7E67E7015} = {A4F0D134-DBA2-D582-17C0-4A7868E7F5B2}
		{7571C544-7523-46B9-BF2D-698F611B8DB2} = {A4F0D134-DBA2-D582-17C0-4A7868E7F5B2}
		{71BE00F0-B5FC-9745-C01A-A42F4D935C52} = {CA253913-39DE-BFD0-C9A3-4B7EC6FBDF17}
		{44C15861-68C2-4395-A124-9B57E0EAA684} = {71BE00F0-B5FC-9745-C01A-A42F4D935C52}
		{02D326A5-ACC1-44F7-89BD-04B1C66FA963} = {71BE00F0-B5FC-9745-C01A-A42F4D935C52}
		{00F02F8B-6150-4E04-91F3-BAEA3DFB9569} = {71BE00F0-B5FC-9745-C01A-A42F4D935C52}
		{AAE96009-C918-470B-A45A-1CBD88F68938} = {71BE00F0-B5FC-9745-C01A-A42F4D935C52}
		{1EE1586C-01D6-E0CF-D098-C10B8D2DA4E0} = {CA253913-39DE-BFD0-C9A3-4B7EC6FBDF17}
		{8DF596EF-9533-40F9-B1FB-D50DB6DCBB42} = {1EE1586C-01D6-E0CF-D098-C10B8D2DA4E0}
		{B466373C-A7B2-485F-9A28-3FA7CB6423C4} = {1EE1586C-01D6-E0CF-D098-C10B8D2DA4E0}
		{8E6789AB-0B6C-404F-A5A6-7B120A099AE7} = {1EE1586C-01D6-E0CF-D098-C10B8D2DA4E0}
		{705B809B-3938-4B56-819B-76F95AA8D572} = {1EE1586C-01D6-E0CF-D098-C10B8D2DA4E0}
		{4F52FD11-658E-A102-6CD3-7D7C16FFA15B} = {02EA681E-C7D8-13C7-8484-4AC65E1B71E8}
		{71B12C2D-EEB6-4AD5-BA14-7974085C5671} = {4F52FD11-658E-A102-6CD3-7D7C16FFA15B}
		{BA0F94DD-BC04-450E-BB6A-625A79CB1A4D} = {4F52FD11-658E-A102-6CD3-7D7C16FFA15B}
		{BD817CBC-1B6F-4CC5-A29E-DD6E0006FC4F} = {D8E9241D-94E8-4581-9D60-618B638D54C5}
		{AAD50CA0-3017-4B8B-9281-A96C83285446} = {D8E9241D-94E8-4581-9D60-618B638D54C5}
		{CCD5E414-3D0A-46FB-B23D-B69188DA9502} = {D8E9241D-94E8-4581-9D60-618B638D54C5}
		{E0317E31-7F7E-48EC-9E00-3982224EBC2B} = {D8E9241D-94E8-4581-9D60-618B638D54C5}
		{EB41ED81-018B-415B-9624-43AD17153F07} = {D8E9241D-94E8-4581-9D60-618B638D54C5}
		{662222B3-382B-4556-B19B-3A482DA0C87A} = {4F52FD11-658E-A102-6CD3-7D7C16FFA15B}
	EndGlobalSection
	GlobalSection(ExtensibilityGlobals) = postSolution
		SolutionGuid = {05206C5D-291A-4C87-911C-B81B9DD091D7}
	EndGlobalSection
EndGlobal
